
Microsoft Visual Studio Solution File, Format Version 12.00
# Visual Studio Version 16
VisualStudioVersion = 16.0.31702.278
MinimumVisualStudioVersion = 10.0.40219.1
Project("{FAE04EC0-301F-11D3-BF4B-00C04F79EFBC}") = "Validacoes", "Validacoes\Validacoes.csproj", "{84133151-DE7B-4C61-9723-B0645FA12550}"
EndProject
Global
	GlobalSection(SolutionConfigurationPlatforms) = preSolution
		Debug|Any CPU = Debug|Any CPU
		Release|Any CPU = Release|Any CPU
	EndGlobalSection
	GlobalSection(ProjectConfigurationPlatforms) = postSolution
		{84133151-DE7B-4C61-9723-B0645FA12550}.Debug|Any CPU.ActiveCfg = Debug|Any CPU
		{84133151-DE7B-4C61-9723-B0645FA12550}.Debug|Any CPU.Build.0 = Debug|Any CPU
		{84133151-DE7B-4C61-9723-B0645FA12550}.Release|Any CPU.ActiveCfg = Release|Any CPU
		{84133151-DE7B-4C61-9723-B0645FA12550}.Release|Any CPU.Build.0 = Release|Any CPU
	EndGlobalSection
	GlobalSection(SolutionProperties) = preSolution
		HideSolutionNode = FALSE
	EndGlobalSection
	GlobalSection(ExtensibilityGlobals) = postSolution
		SolutionGuid = {11BF3997-6AE3-4B88-B5FF-64F59AB2991E}
	EndGlobalSection
EndGlobal
